{
  "requires": true,
  "lockfileVersion": 1,
  "dependencies": {
    "chance": {
      "version": "1.1.0",
      "resolved": "https://registry.npmjs.org/chance/-/chance-1.1.0.tgz",
      "integrity": "sha512-DwT4HVvl1VwZ73lqEyWYtrI59iSERBDfioMhw0gMMNySLMcx7/pzy+JAam3+3WcEH4ITNzwRtuQH4Geyko70gw=="
    },
    "chatito": {
      "version": "2.3.5",
      "resolved": "https://registry.npmjs.org/chatito/-/chatito-2.3.5.tgz",
      "integrity": "sha512-8GydDc/szjGNcdgLDT6mq14HDQ9vUSxbe4z+skfTJAhnOPgSDh6RDc5VH42AtBTGQVssyl890mY4ywxoUgejMQ==",
      "requires": {
        "chance": "1.1.0",
        "minimist": "1.2.0"
      }
    },
    "minimist": {
      "version": "1.2.0",
      "resolved": "https://registry.npmjs.org/minimist/-/minimist-1.2.0.tgz",
      "integrity": "sha1-o1AIsg9BOD7sH7kU9M1d95omQoQ="
    }
  }
}
